
Microsoft Visual Studio Solution File, Format Version 12.00
# Visual Studio 15
VisualStudioVersion = 15.0.28307.960
MinimumVisualStudioVersion = 10.0.40219.1
Project("{FAE04EC0-301F-11D3-BF4B-00C04F79EFBC}") = "CommonsLib_DAL", "CommonsLib_DAL\CommonsLib_DAL.csproj", "{84A2C8C9-7672-4A3D-9B7F-14EBA08459CF}"
EndProject
Project("{FAE04EC0-301F-11D3-BF4B-00C04F79EFBC}") = "CommonsLib_BLL", "CommonsLib_BLL\CommonsLib_BLL.csproj", "{3DAB449F-A01A-42E3-8398-58929043B42E}"
EndProject
Project("{FAE04EC0-301F-11D3-BF4B-00C04F79EFBC}") = "CommonsLib_FLL", "CommonsLib_FLL\CommonsLib_FLL.csproj", "{114008B6-AFCB-4085-9CB4-2EFDD1A4E0E8}"
EndProject
Project("{FAE04EC0-301F-11D3-BF4B-00C04F79EFBC}") = "CommonsLib_APP", "CommonsLib_APP\CommonsLib_APP.csproj", "{E42AD422-0DE4-4295-8A13-88F20E8DC9D1}"
EndProject
Project("{FAE04EC0-301F-11D3-BF4B-00C04F79EFBC}") = "CommonsLib_DATA", "CommonsLib_DATA\CommonsLib_DATA.csproj", "{A2B6B75B-DDD3-4995-81E9-23083DB92CE1}"
EndProject
Project("{FAE04EC0-301F-11D3-BF4B-00C04F79EFBC}") = "CommonsLib_IOC", "CommonsLib_IOC\CommonsLib_IOC.csproj", "{8832F454-435A-4581-B8B3-9B6D80B3636F}"
EndProject
Project("{FAE04EC0-301F-11D3-BF4B-00C04F79EFBC}") = "CommonsLib_CoreTests", "CommonsLib_CoreTests\CommonsLib_CoreTests.csproj", "{56FE087C-BF32-471C-BE53-726D7E908CE4}"
EndProject
Project("{FAE04EC0-301F-11D3-BF4B-00C04F79EFBC}") = "CommonsLib_Droid", "CommonsLib_Droid\CommonsLib_Droid.csproj", "{0C9354AE-7147-4912-822F-3AD250D2B4FD}"
EndProject
Project("{FAE04EC0-301F-11D3-BF4B-00C04F79EFBC}") = "CommonsLib_iOS", "CommonsLib_iOS\CommonsLib_iOS.csproj", "{F809447B-6DB8-43A7-9A88-E415CD30AE1E}"
EndProject
Global
	GlobalSection(SolutionConfigurationPlatforms) = preSolution
		Debug|Any CPU = Debug|Any CPU
		Release|Any CPU = Release|Any CPU
	EndGlobalSection
	GlobalSection(ProjectConfigurationPlatforms) = postSolution
		{84A2C8C9-7672-4A3D-9B7F-14EBA08459CF}.Debug|Any CPU.ActiveCfg = Debug|Any CPU
		{84A2C8C9-7672-4A3D-9B7F-14EBA08459CF}.Debug|Any CPU.Build.0 = Debug|Any CPU
		{84A2C8C9-7672-4A3D-9B7F-14EBA08459CF}.Release|Any CPU.ActiveCfg = Release|Any CPU
		{84A2C8C9-7672-4A3D-9B7F-14EBA08459CF}.Release|Any CPU.Build.0 = Release|Any CPU
		{3DAB449F-A01A-42E3-8398-58929043B42E}.Debug|Any CPU.ActiveCfg = Debug|Any CPU
		{3DAB449F-A01A-42E3-8398-58929043B42E}.Debug|Any CPU.Build.0 = Debug|Any CPU
		{3DAB449F-A01A-42E3-8398-58929043B42E}.Release|Any CPU.ActiveCfg = Release|Any CPU
		{3DAB449F-A01A-42E3-8398-58929043B42E}.Release|Any CPU.Build.0 = Release|Any CPU
		{114008B6-AFCB-4085-9CB4-2EFDD1A4E0E8}.Debug|Any CPU.ActiveCfg = Debug|Any CPU
		{114008B6-AFCB-4085-9CB4-2EFDD1A4E0E8}.Debug|Any CPU.Build.0 = Debug|Any CPU
		{114008B6-AFCB-4085-9CB4-2EFDD1A4E0E8}.Release|Any CPU.ActiveCfg = Release|Any CPU
		{114008B6-AFCB-4085-9CB4-2EFDD1A4E0E8}.Release|Any CPU.Build.0 = Release|Any CPU
		{E42AD422-0DE4-4295-8A13-88F20E8DC9D1}.Debug|Any CPU.ActiveCfg = Debug|Any CPU
		{E42AD422-0DE4-4295-8A13-88F20E8DC9D1}.Debug|Any CPU.Build.0 = Debug|Any CPU
		{E42AD422-0DE4-4295-8A13-88F20E8DC9D1}.Release|Any CPU.ActiveCfg = Release|Any CPU
		{E42AD422-0DE4-4295-8A13-88F20E8DC9D1}.Release|Any CPU.Build.0 = Release|Any CPU
		{A2B6B75B-DDD3-4995-81E9-23083DB92CE1}.Debug|Any CPU.ActiveCfg = Debug|Any CPU
		{A2B6B75B-DDD3-4995-81E9-23083DB92CE1}.Debug|Any CPU.Build.0 = Debug|Any CPU
		{A2B6B75B-DDD3-4995-81E9-23083DB92CE1}.Release|Any CPU.ActiveCfg = Release|Any CPU
		{A2B6B75B-DDD3-4995-81E9-23083DB92CE1}.Release|Any CPU.Build.0 = Release|Any CPU
		{8832F454-435A-4581-B8B3-9B6D80B3636F}.Debug|Any CPU.ActiveCfg = Debug|Any CPU
		{8832F454-435A-4581-B8B3-9B6D80B3636F}.Debug|Any CPU.Build.0 = Debug|Any CPU
		{8832F454-435A-4581-B8B3-9B6D80B3636F}.Release|Any CPU.ActiveCfg = Release|Any CPU
		{8832F454-435A-4581-B8B3-9B6D80B3636F}.Release|Any CPU.Build.0 = Release|Any CPU
		{56FE087C-BF32-471C-BE53-726D7E908CE4}.Debug|Any CPU.ActiveCfg = Debug|Any CPU
		{56FE087C-BF32-471C-BE53-726D7E908CE4}.Debug|Any CPU.Build.0 = Debug|Any CPU
		{56FE087C-BF32-471C-BE53-726D7E908CE4}.Release|Any CPU.ActiveCfg = Release|Any CPU
		{56FE087C-BF32-471C-BE53-726D7E908CE4}.Release|Any CPU.Build.0 = Release|Any CPU
		{0C9354AE-7147-4912-822F-3AD250D2B4FD}.Debug|Any CPU.ActiveCfg = Debug|Any CPU
		{0C9354AE-7147-4912-822F-3AD250D2B4FD}.Debug|Any CPU.Build.0 = Debug|Any CPU
		{0C9354AE-7147-4912-822F-3AD250D2B4FD}.Release|Any CPU.ActiveCfg = Release|Any CPU
		{0C9354AE-7147-4912-822F-3AD250D2B4FD}.Release|Any CPU.Build.0 = Release|Any CPU
		{F809447B-6DB8-43A7-9A88-E415CD30AE1E}.Debug|Any CPU.ActiveCfg = Debug|Any CPU
		{F809447B-6DB8-43A7-9A88-E415CD30AE1E}.Debug|Any CPU.Build.0 = Debug|Any CPU
		{F809447B-6DB8-43A7-9A88-E415CD30AE1E}.Release|Any CPU.ActiveCfg = Release|Any CPU
		{F809447B-6DB8-43A7-9A88-E415CD30AE1E}.Release|Any CPU.Build.0 = Release|Any CPU
	EndGlobalSection
	GlobalSection(SolutionProperties) = preSolution
		HideSolutionNode = FALSE
	EndGlobalSection
	GlobalSection(ExtensibilityGlobals) = postSolution
		SolutionGuid = {4E8EB35C-310E-413B-92DC-65B34CB6DAAA}
	EndGlobalSection
EndGlobal
