
Microsoft Visual Studio Solution File, Format Version 12.00
# Visual Studio 15
VisualStudioVersion = 15.0.28307.960
MinimumVisualStudioVersion = 10.0.40219.1
Project("{FAE04EC0-301F-11D3-BF4B-00C04F79EFBC}") = "CommonsLib_DAL", "CommonsLib_DAL\CommonsLib_DAL.csproj", "{84A2C8C9-7672-4A3D-9B7F-14EBA08459CF}"
EndProject
Project("{FAE04EC0-301F-11D3-BF4B-00C04F79EFBC}") = "CommonsLib_BLL", "CommonsLib_BLL\CommonsLib_BLL.csproj", "{3DAB449F-A01A-42E3-8398-58929043B42E}"
EndProject
Project("{FAE04EC0-301F-11D3-BF4B-00C04F79EFBC}") = "CommonsLib_FLL", "CommonsLib_FLL\CommonsLib_FLL.csproj", "{114008B6-AFCB-4085-9CB4-2EFDD1A4E0E8}"
EndProject
Global
	GlobalSection(SolutionConfigurationPlatforms) = preSolution
		Debug|Any CPU = Debug|Any CPU
		Release|Any CPU = Release|Any CPU
	EndGlobalSection
	GlobalSection(ProjectConfigurationPlatforms) = postSolution
		{84A2C8C9-7672-4A3D-9B7F-14EBA08459CF}.Debug|Any CPU.ActiveCfg = Debug|Any CPU
		{84A2C8C9-7672-4A3D-9B7F-14EBA08459CF}.Debug|Any CPU.Build.0 = Debug|Any CPU
		{84A2C8C9-7672-4A3D-9B7F-14EBA08459CF}.Release|Any CPU.ActiveCfg = Release|Any CPU
		{84A2C8C9-7672-4A3D-9B7F-14EBA08459CF}.Release|Any CPU.Build.0 = Release|Any CPU
		{3DAB449F-A01A-42E3-8398-58929043B42E}.Debug|Any CPU.ActiveCfg = Debug|Any CPU
		{3DAB449F-A01A-42E3-8398-58929043B42E}.Debug|Any CPU.Build.0 = Debug|Any CPU
		{3DAB449F-A01A-42E3-8398-58929043B42E}.Release|Any CPU.ActiveCfg = Release|Any CPU
		{3DAB449F-A01A-42E3-8398-58929043B42E}.Release|Any CPU.Build.0 = Release|Any CPU
		{114008B6-AFCB-4085-9CB4-2EFDD1A4E0E8}.Debug|Any CPU.ActiveCfg = Debug|Any CPU
		{114008B6-AFCB-4085-9CB4-2EFDD1A4E0E8}.Debug|Any CPU.Build.0 = Debug|Any CPU
		{114008B6-AFCB-4085-9CB4-2EFDD1A4E0E8}.Release|Any CPU.ActiveCfg = Release|Any CPU
		{114008B6-AFCB-4085-9CB4-2EFDD1A4E0E8}.Release|Any CPU.Build.0 = Release|Any CPU
	EndGlobalSection
	GlobalSection(SolutionProperties) = preSolution
		HideSolutionNode = FALSE
	EndGlobalSection
	GlobalSection(ExtensibilityGlobals) = postSolution
		SolutionGuid = {4E8EB35C-310E-413B-92DC-65B34CB6DAAA}
	EndGlobalSection
EndGlobal
